
Microsoft Visual Studio Solution File, Format Version 12.00
# Visual Studio Version 16
VisualStudioVersion = 16.0.31205.134
MinimumVisualStudioVersion = 10.0.40219.1
Project("{FAE04EC0-301F-11D3-BF4B-00C04F79EFBC}") = "AppTemplate", "AppTemplate\AppTemplate.csproj", "{A8126CE1-F781-469D-8CF4-303E78398E75}"
EndProject
Project("{FAE04EC0-301F-11D3-BF4B-00C04F79EFBC}") = "ProgramTemplate", "ProgramTemplate\ProgramTemplate.csproj", "{38BA4C73-0E0E-4D78-BC26-9176276F8AB9}"
EndProject
Project("{FAE04EC0-301F-11D3-BF4B-00C04F79EFBC}") = "ConsoleUI", "ConsoleUI\ConsoleUI.csproj", "{0B12CA8B-2C63-4A95-820B-EF7E0022A3C9}"
EndProject
Global
	GlobalSection(SolutionConfigurationPlatforms) = preSolution
		Debug|Any CPU = Debug|Any CPU
		Release|Any CPU = Release|Any CPU
	EndGlobalSection
	GlobalSection(ProjectConfigurationPlatforms) = postSolution
		{A8126CE1-F781-469D-8CF4-303E78398E75}.Debug|Any CPU.ActiveCfg = Debug|Any CPU
		{A8126CE1-F781-469D-8CF4-303E78398E75}.Debug|Any CPU.Build.0 = Debug|Any CPU
		{A8126CE1-F781-469D-8CF4-303E78398E75}.Release|Any CPU.ActiveCfg = Release|Any CPU
		{A8126CE1-F781-469D-8CF4-303E78398E75}.Release|Any CPU.Build.0 = Release|Any CPU
		{38BA4C73-0E0E-4D78-BC26-9176276F8AB9}.Debug|Any CPU.ActiveCfg = Debug|Any CPU
		{38BA4C73-0E0E-4D78-BC26-9176276F8AB9}.Debug|Any CPU.Build.0 = Debug|Any CPU
		{38BA4C73-0E0E-4D78-BC26-9176276F8AB9}.Release|Any CPU.ActiveCfg = Release|Any CPU
		{38BA4C73-0E0E-4D78-BC26-9176276F8AB9}.Release|Any CPU.Build.0 = Release|Any CPU
		{0B12CA8B-2C63-4A95-820B-EF7E0022A3C9}.Debug|Any CPU.ActiveCfg = Debug|Any CPU
		{0B12CA8B-2C63-4A95-820B-EF7E0022A3C9}.Debug|Any CPU.Build.0 = Debug|Any CPU
		{0B12CA8B-2C63-4A95-820B-EF7E0022A3C9}.Release|Any CPU.ActiveCfg = Release|Any CPU
		{0B12CA8B-2C63-4A95-820B-EF7E0022A3C9}.Release|Any CPU.Build.0 = Release|Any CPU
	EndGlobalSection
	GlobalSection(SolutionProperties) = preSolution
		HideSolutionNode = FALSE
	EndGlobalSection
	GlobalSection(ExtensibilityGlobals) = postSolution
		SolutionGuid = {CC28A5C4-4C06-4A31-A53B-3D1BF0622EDB}
	EndGlobalSection
EndGlobal
